
Microsoft Visual Studio Solution File, Format Version 11.00
# Visual Studio 2010
Project("{FAE04EC0-301F-11D3-BF4B-00C04F79EFBC}") = "symbooglix", "symbooglix\symbooglix.csproj", "{69F04878-1CD0-454C-87A6-6B155D2D4855}"
EndProject
Project("{2150E333-8FDC-42A3-9474-1A3956D46DE8}") = "Boogie", "Boogie", "{DA58A461-5C93-47CE-90F3-8782F573B9C1}"
EndProject
Project("{FAE04EC0-301F-11D3-BF4B-00C04F79EFBC}") = "Core", "..\boogie\Source\Core\Core.csproj", "{B230A69C-C466-4065-B9C1-84D80E76D802}"
EndProject
Project("{FAE04EC0-301F-11D3-BF4B-00C04F79EFBC}") = "Basetypes", "..\boogie\Source\Basetypes\Basetypes.csproj", "{43DFAD18-3E35-4558-9BE2-CAFF6B5BA8A0}"
EndProject
Project("{FAE04EC0-301F-11D3-BF4B-00C04F79EFBC}") = "CodeContractsExtender", "..\boogie\Source\CodeContractsExtender\CodeContractsExtender.csproj", "{ACCC0156-0921-43ED-8F67-AD8BDC8CDE31}"
EndProject
Project("{FAE04EC0-301F-11D3-BF4B-00C04F79EFBC}") = "Graph", "..\boogie\Source\Graph\Graph.csproj", "{69A2B0B8-BCAC-4101-AE7A-556FCC58C06E}"
EndProject
Project("{FAE04EC0-301F-11D3-BF4B-00C04F79EFBC}") = "ParserHelper", "..\boogie\Source\ParserHelper\ParserHelper.csproj", "{FCD3AC7F-9DFD-46C8-AB1E-09F0B0F16DC5}"
EndProject
Project("{FAE04EC0-301F-11D3-BF4B-00C04F79EFBC}") = "SMTLib", "..\boogie\Source\Provers\SMTLib\SMTLib.csproj", "{9B163AA3-36BC-4AFB-88AB-79BC9E97E401}"
EndProject
Project("{FAE04EC0-301F-11D3-BF4B-00C04F79EFBC}") = "VCExpr", "..\boogie\Source\VCExpr\VCExpr.csproj", "{56FFDBCA-7D14-43B8-A6CA-22A20E417EE1}"
EndProject
Project("{FAE04EC0-301F-11D3-BF4B-00C04F79EFBC}") = "VCGeneration", "..\boogie\Source\VCGeneration\VCGeneration.csproj", "{E1F10180-C7B9-4147-B51F-FA1B701966DC}"
EndProject
Project("{FAE04EC0-301F-11D3-BF4B-00C04F79EFBC}") = "Model", "..\boogie\Source\Model\Model.csproj", "{ACEF88D5-DADD-46DA-BAE1-2144D63F4C83}"
EndProject
Project("{FAE04EC0-301F-11D3-BF4B-00C04F79EFBC}") = "BoogieTests", "BoogieTests\BoogieTests.csproj", "{C79BC529-CCCB-465A-ADF3-FB34683C3133}"
EndProject
Project("{FAE04EC0-301F-11D3-BF4B-00C04F79EFBC}") = "SymbooglixLibTests", "SymbooglixLibTests\SymbooglixLibTests.csproj", "{F2D05CFA-9CF9-4853-8230-2C9566216DC0}"
EndProject
Project("{FAE04EC0-301F-11D3-BF4B-00C04F79EFBC}") = "CommandLine", "..\ExternalLibs\CommandLine\src\libcmdline\CommandLine.csproj", "{5DEA2811-2FFA-4959-830B-CAD3ACACABEB}"
EndProject
Global
	GlobalSection(SolutionConfigurationPlatforms) = preSolution
		Debug|x86 = Debug|x86
		Release|x86 = Release|x86
		z3apidebug|Any CPU = z3apidebug|Any CPU
		Checked|Any CPU = Checked|Any CPU
		QED|Any CPU = QED|Any CPU
	EndGlobalSection
	GlobalSection(ProjectConfigurationPlatforms) = postSolution
		{43DFAD18-3E35-4558-9BE2-CAFF6B5BA8A0}.Checked|Any CPU.ActiveCfg = Checked|Any CPU
		{43DFAD18-3E35-4558-9BE2-CAFF6B5BA8A0}.Checked|Any CPU.Build.0 = Checked|Any CPU
		{43DFAD18-3E35-4558-9BE2-CAFF6B5BA8A0}.Debug|x86.ActiveCfg = Debug|Any CPU
		{43DFAD18-3E35-4558-9BE2-CAFF6B5BA8A0}.Debug|x86.Build.0 = Debug|Any CPU
		{43DFAD18-3E35-4558-9BE2-CAFF6B5BA8A0}.QED|Any CPU.ActiveCfg = QED|Any CPU
		{43DFAD18-3E35-4558-9BE2-CAFF6B5BA8A0}.QED|Any CPU.Build.0 = QED|Any CPU
		{43DFAD18-3E35-4558-9BE2-CAFF6B5BA8A0}.Release|x86.ActiveCfg = Release|Any CPU
		{43DFAD18-3E35-4558-9BE2-CAFF6B5BA8A0}.Release|x86.Build.0 = Release|Any CPU
		{43DFAD18-3E35-4558-9BE2-CAFF6B5BA8A0}.z3apidebug|Any CPU.ActiveCfg = z3apidebug|Any CPU
		{43DFAD18-3E35-4558-9BE2-CAFF6B5BA8A0}.z3apidebug|Any CPU.Build.0 = z3apidebug|Any CPU
		{56FFDBCA-7D14-43B8-A6CA-22A20E417EE1}.Checked|Any CPU.ActiveCfg = Checked|Any CPU
		{56FFDBCA-7D14-43B8-A6CA-22A20E417EE1}.Checked|Any CPU.Build.0 = Checked|Any CPU
		{56FFDBCA-7D14-43B8-A6CA-22A20E417EE1}.Debug|x86.ActiveCfg = Debug|Any CPU
		{56FFDBCA-7D14-43B8-A6CA-22A20E417EE1}.Debug|x86.Build.0 = Debug|Any CPU
		{56FFDBCA-7D14-43B8-A6CA-22A20E417EE1}.QED|Any CPU.ActiveCfg = QED|Any CPU
		{56FFDBCA-7D14-43B8-A6CA-22A20E417EE1}.QED|Any CPU.Build.0 = QED|Any CPU
		{56FFDBCA-7D14-43B8-A6CA-22A20E417EE1}.Release|x86.ActiveCfg = Release|Any CPU
		{56FFDBCA-7D14-43B8-A6CA-22A20E417EE1}.Release|x86.Build.0 = Release|Any CPU
		{56FFDBCA-7D14-43B8-A6CA-22A20E417EE1}.z3apidebug|Any CPU.ActiveCfg = z3apidebug|Any CPU
		{56FFDBCA-7D14-43B8-A6CA-22A20E417EE1}.z3apidebug|Any CPU.Build.0 = z3apidebug|Any CPU
		{5DEA2811-2FFA-4959-830B-CAD3ACACABEB}.Checked|Any CPU.ActiveCfg = Debug|Any CPU
		{5DEA2811-2FFA-4959-830B-CAD3ACACABEB}.Checked|Any CPU.Build.0 = Debug|Any CPU
		{5DEA2811-2FFA-4959-830B-CAD3ACACABEB}.Debug|x86.ActiveCfg = Debug|Any CPU
		{5DEA2811-2FFA-4959-830B-CAD3ACACABEB}.Debug|x86.Build.0 = Debug|Any CPU
		{5DEA2811-2FFA-4959-830B-CAD3ACACABEB}.QED|Any CPU.ActiveCfg = Debug|Any CPU
		{5DEA2811-2FFA-4959-830B-CAD3ACACABEB}.QED|Any CPU.Build.0 = Debug|Any CPU
		{5DEA2811-2FFA-4959-830B-CAD3ACACABEB}.Release|x86.ActiveCfg = Release|Any CPU
		{5DEA2811-2FFA-4959-830B-CAD3ACACABEB}.Release|x86.Build.0 = Release|Any CPU
		{5DEA2811-2FFA-4959-830B-CAD3ACACABEB}.z3apidebug|Any CPU.ActiveCfg = Debug|Any CPU
		{5DEA2811-2FFA-4959-830B-CAD3ACACABEB}.z3apidebug|Any CPU.Build.0 = Debug|Any CPU
		{69A2B0B8-BCAC-4101-AE7A-556FCC58C06E}.Checked|Any CPU.ActiveCfg = Checked|Any CPU
		{69A2B0B8-BCAC-4101-AE7A-556FCC58C06E}.Checked|Any CPU.Build.0 = Checked|Any CPU
		{69A2B0B8-BCAC-4101-AE7A-556FCC58C06E}.Debug|x86.ActiveCfg = Debug|Any CPU
		{69A2B0B8-BCAC-4101-AE7A-556FCC58C06E}.Debug|x86.Build.0 = Debug|Any CPU
		{69A2B0B8-BCAC-4101-AE7A-556FCC58C06E}.QED|Any CPU.ActiveCfg = QED|Any CPU
		{69A2B0B8-BCAC-4101-AE7A-556FCC58C06E}.QED|Any CPU.Build.0 = QED|Any CPU
		{69A2B0B8-BCAC-4101-AE7A-556FCC58C06E}.Release|x86.ActiveCfg = Release|Any CPU
		{69A2B0B8-BCAC-4101-AE7A-556FCC58C06E}.Release|x86.Build.0 = Release|Any CPU
		{69A2B0B8-BCAC-4101-AE7A-556FCC58C06E}.z3apidebug|Any CPU.ActiveCfg = z3apidebug|Any CPU
		{69A2B0B8-BCAC-4101-AE7A-556FCC58C06E}.z3apidebug|Any CPU.Build.0 = z3apidebug|Any CPU
		{69F04878-1CD0-454C-87A6-6B155D2D4855}.Checked|Any CPU.ActiveCfg = Debug|x86
		{69F04878-1CD0-454C-87A6-6B155D2D4855}.Checked|Any CPU.Build.0 = Debug|x86
		{69F04878-1CD0-454C-87A6-6B155D2D4855}.Debug|x86.ActiveCfg = Debug|Any CPU
		{69F04878-1CD0-454C-87A6-6B155D2D4855}.Debug|x86.Build.0 = Debug|Any CPU
		{69F04878-1CD0-454C-87A6-6B155D2D4855}.QED|Any CPU.ActiveCfg = Debug|x86
		{69F04878-1CD0-454C-87A6-6B155D2D4855}.QED|Any CPU.Build.0 = Debug|x86
		{69F04878-1CD0-454C-87A6-6B155D2D4855}.Release|x86.ActiveCfg = Release|x86
		{69F04878-1CD0-454C-87A6-6B155D2D4855}.Release|x86.Build.0 = Release|x86
		{69F04878-1CD0-454C-87A6-6B155D2D4855}.z3apidebug|Any CPU.ActiveCfg = Debug|x86
		{69F04878-1CD0-454C-87A6-6B155D2D4855}.z3apidebug|Any CPU.Build.0 = Debug|x86
		{9B163AA3-36BC-4AFB-88AB-79BC9E97E401}.Checked|Any CPU.ActiveCfg = Checked|Any CPU
		{9B163AA3-36BC-4AFB-88AB-79BC9E97E401}.Checked|Any CPU.Build.0 = Checked|Any CPU
		{9B163AA3-36BC-4AFB-88AB-79BC9E97E401}.Debug|x86.ActiveCfg = Debug|Any CPU
		{9B163AA3-36BC-4AFB-88AB-79BC9E97E401}.Debug|x86.Build.0 = Debug|Any CPU
		{9B163AA3-36BC-4AFB-88AB-79BC9E97E401}.QED|Any CPU.ActiveCfg = QED|Any CPU
		{9B163AA3-36BC-4AFB-88AB-79BC9E97E401}.QED|Any CPU.Build.0 = QED|Any CPU
		{9B163AA3-36BC-4AFB-88AB-79BC9E97E401}.Release|x86.ActiveCfg = Release|Any CPU
		{9B163AA3-36BC-4AFB-88AB-79BC9E97E401}.Release|x86.Build.0 = Release|Any CPU
		{9B163AA3-36BC-4AFB-88AB-79BC9E97E401}.z3apidebug|Any CPU.ActiveCfg = z3apidebug|Any CPU
		{9B163AA3-36BC-4AFB-88AB-79BC9E97E401}.z3apidebug|Any CPU.Build.0 = z3apidebug|Any CPU
		{ACCC0156-0921-43ED-8F67-AD8BDC8CDE31}.Checked|Any CPU.ActiveCfg = Checked|Any CPU
		{ACCC0156-0921-43ED-8F67-AD8BDC8CDE31}.Checked|Any CPU.Build.0 = Checked|Any CPU
		{ACCC0156-0921-43ED-8F67-AD8BDC8CDE31}.Debug|x86.ActiveCfg = Debug|Any CPU
		{ACCC0156-0921-43ED-8F67-AD8BDC8CDE31}.Debug|x86.Build.0 = Debug|Any CPU
		{ACCC0156-0921-43ED-8F67-AD8BDC8CDE31}.QED|Any CPU.ActiveCfg = QED|Any CPU
		{ACCC0156-0921-43ED-8F67-AD8BDC8CDE31}.QED|Any CPU.Build.0 = QED|Any CPU
		{ACCC0156-0921-43ED-8F67-AD8BDC8CDE31}.Release|x86.ActiveCfg = Release|Any CPU
		{ACCC0156-0921-43ED-8F67-AD8BDC8CDE31}.Release|x86.Build.0 = Release|Any CPU
		{ACCC0156-0921-43ED-8F67-AD8BDC8CDE31}.z3apidebug|Any CPU.ActiveCfg = z3apidebug|Any CPU
		{ACCC0156-0921-43ED-8F67-AD8BDC8CDE31}.z3apidebug|Any CPU.Build.0 = z3apidebug|Any CPU
		{ACEF88D5-DADD-46DA-BAE1-2144D63F4C83}.Checked|Any CPU.ActiveCfg = Checked|Any CPU
		{ACEF88D5-DADD-46DA-BAE1-2144D63F4C83}.Checked|Any CPU.Build.0 = Checked|Any CPU
		{ACEF88D5-DADD-46DA-BAE1-2144D63F4C83}.Debug|x86.ActiveCfg = Debug|Any CPU
		{ACEF88D5-DADD-46DA-BAE1-2144D63F4C83}.Debug|x86.Build.0 = Debug|Any CPU
		{ACEF88D5-DADD-46DA-BAE1-2144D63F4C83}.QED|Any CPU.ActiveCfg = QED|Any CPU
		{ACEF88D5-DADD-46DA-BAE1-2144D63F4C83}.QED|Any CPU.Build.0 = QED|Any CPU
		{ACEF88D5-DADD-46DA-BAE1-2144D63F4C83}.Release|x86.ActiveCfg = Release|Any CPU
		{ACEF88D5-DADD-46DA-BAE1-2144D63F4C83}.Release|x86.Build.0 = Release|Any CPU
		{ACEF88D5-DADD-46DA-BAE1-2144D63F4C83}.z3apidebug|Any CPU.ActiveCfg = Debug|Any CPU
		{ACEF88D5-DADD-46DA-BAE1-2144D63F4C83}.z3apidebug|Any CPU.Build.0 = Debug|Any CPU
		{B230A69C-C466-4065-B9C1-84D80E76D802}.Checked|Any CPU.ActiveCfg = Checked|Any CPU
		{B230A69C-C466-4065-B9C1-84D80E76D802}.Checked|Any CPU.Build.0 = Checked|Any CPU
		{B230A69C-C466-4065-B9C1-84D80E76D802}.Debug|x86.ActiveCfg = Debug|Any CPU
		{B230A69C-C466-4065-B9C1-84D80E76D802}.Debug|x86.Build.0 = Debug|Any CPU
		{B230A69C-C466-4065-B9C1-84D80E76D802}.QED|Any CPU.ActiveCfg = QED|Any CPU
		{B230A69C-C466-4065-B9C1-84D80E76D802}.QED|Any CPU.Build.0 = QED|Any CPU
		{B230A69C-C466-4065-B9C1-84D80E76D802}.Release|x86.ActiveCfg = Release|Any CPU
		{B230A69C-C466-4065-B9C1-84D80E76D802}.Release|x86.Build.0 = Release|Any CPU
		{B230A69C-C466-4065-B9C1-84D80E76D802}.z3apidebug|Any CPU.ActiveCfg = z3apidebug|Any CPU
		{B230A69C-C466-4065-B9C1-84D80E76D802}.z3apidebug|Any CPU.Build.0 = z3apidebug|Any CPU
		{C79BC529-CCCB-465A-ADF3-FB34683C3133}.Checked|Any CPU.ActiveCfg = Debug|Any CPU
		{C79BC529-CCCB-465A-ADF3-FB34683C3133}.Checked|Any CPU.Build.0 = Debug|Any CPU
		{C79BC529-CCCB-465A-ADF3-FB34683C3133}.Debug|x86.ActiveCfg = Debug|Any CPU
		{C79BC529-CCCB-465A-ADF3-FB34683C3133}.Debug|x86.Build.0 = Debug|Any CPU
		{C79BC529-CCCB-465A-ADF3-FB34683C3133}.QED|Any CPU.ActiveCfg = Debug|Any CPU
		{C79BC529-CCCB-465A-ADF3-FB34683C3133}.QED|Any CPU.Build.0 = Debug|Any CPU
		{C79BC529-CCCB-465A-ADF3-FB34683C3133}.Release|x86.ActiveCfg = Release|Any CPU
		{C79BC529-CCCB-465A-ADF3-FB34683C3133}.Release|x86.Build.0 = Release|Any CPU
		{C79BC529-CCCB-465A-ADF3-FB34683C3133}.z3apidebug|Any CPU.ActiveCfg = Debug|Any CPU
		{C79BC529-CCCB-465A-ADF3-FB34683C3133}.z3apidebug|Any CPU.Build.0 = Debug|Any CPU
		{E1F10180-C7B9-4147-B51F-FA1B701966DC}.Checked|Any CPU.ActiveCfg = Checked|Any CPU
		{E1F10180-C7B9-4147-B51F-FA1B701966DC}.Checked|Any CPU.Build.0 = Checked|Any CPU
		{E1F10180-C7B9-4147-B51F-FA1B701966DC}.Debug|x86.ActiveCfg = Debug|Any CPU
		{E1F10180-C7B9-4147-B51F-FA1B701966DC}.Debug|x86.Build.0 = Debug|Any CPU
		{E1F10180-C7B9-4147-B51F-FA1B701966DC}.QED|Any CPU.ActiveCfg = QED|Any CPU
		{E1F10180-C7B9-4147-B51F-FA1B701966DC}.QED|Any CPU.Build.0 = QED|Any CPU
		{E1F10180-C7B9-4147-B51F-FA1B701966DC}.Release|x86.ActiveCfg = Release|Any CPU
		{E1F10180-C7B9-4147-B51F-FA1B701966DC}.Release|x86.Build.0 = Release|Any CPU
		{E1F10180-C7B9-4147-B51F-FA1B701966DC}.z3apidebug|Any CPU.ActiveCfg = z3apidebug|Any CPU
		{E1F10180-C7B9-4147-B51F-FA1B701966DC}.z3apidebug|Any CPU.Build.0 = z3apidebug|Any CPU
		{F2D05CFA-9CF9-4853-8230-2C9566216DC0}.Checked|Any CPU.ActiveCfg = Debug|Any CPU
		{F2D05CFA-9CF9-4853-8230-2C9566216DC0}.Checked|Any CPU.Build.0 = Debug|Any CPU
		{F2D05CFA-9CF9-4853-8230-2C9566216DC0}.Debug|x86.ActiveCfg = Debug|Any CPU
		{F2D05CFA-9CF9-4853-8230-2C9566216DC0}.Debug|x86.Build.0 = Debug|Any CPU
		{F2D05CFA-9CF9-4853-8230-2C9566216DC0}.QED|Any CPU.ActiveCfg = Debug|Any CPU
		{F2D05CFA-9CF9-4853-8230-2C9566216DC0}.QED|Any CPU.Build.0 = Debug|Any CPU
		{F2D05CFA-9CF9-4853-8230-2C9566216DC0}.Release|x86.ActiveCfg = Release|Any CPU
		{F2D05CFA-9CF9-4853-8230-2C9566216DC0}.Release|x86.Build.0 = Release|Any CPU
		{F2D05CFA-9CF9-4853-8230-2C9566216DC0}.z3apidebug|Any CPU.ActiveCfg = Debug|Any CPU
		{F2D05CFA-9CF9-4853-8230-2C9566216DC0}.z3apidebug|Any CPU.Build.0 = Debug|Any CPU
		{FCD3AC7F-9DFD-46C8-AB1E-09F0B0F16DC5}.Checked|Any CPU.ActiveCfg = Checked|Any CPU
		{FCD3AC7F-9DFD-46C8-AB1E-09F0B0F16DC5}.Checked|Any CPU.Build.0 = Checked|Any CPU
		{FCD3AC7F-9DFD-46C8-AB1E-09F0B0F16DC5}.Debug|x86.ActiveCfg = Debug|Any CPU
		{FCD3AC7F-9DFD-46C8-AB1E-09F0B0F16DC5}.Debug|x86.Build.0 = Debug|Any CPU
		{FCD3AC7F-9DFD-46C8-AB1E-09F0B0F16DC5}.QED|Any CPU.ActiveCfg = QED|Any CPU
		{FCD3AC7F-9DFD-46C8-AB1E-09F0B0F16DC5}.QED|Any CPU.Build.0 = QED|Any CPU
		{FCD3AC7F-9DFD-46C8-AB1E-09F0B0F16DC5}.Release|x86.ActiveCfg = Release|Any CPU
		{FCD3AC7F-9DFD-46C8-AB1E-09F0B0F16DC5}.Release|x86.Build.0 = Release|Any CPU
		{FCD3AC7F-9DFD-46C8-AB1E-09F0B0F16DC5}.z3apidebug|Any CPU.ActiveCfg = Debug|Any CPU
		{FCD3AC7F-9DFD-46C8-AB1E-09F0B0F16DC5}.z3apidebug|Any CPU.Build.0 = Debug|Any CPU
	EndGlobalSection
	GlobalSection(NestedProjects) = preSolution
		{B230A69C-C466-4065-B9C1-84D80E76D802} = {DA58A461-5C93-47CE-90F3-8782F573B9C1}
		{43DFAD18-3E35-4558-9BE2-CAFF6B5BA8A0} = {DA58A461-5C93-47CE-90F3-8782F573B9C1}
		{ACCC0156-0921-43ED-8F67-AD8BDC8CDE31} = {DA58A461-5C93-47CE-90F3-8782F573B9C1}
		{69A2B0B8-BCAC-4101-AE7A-556FCC58C06E} = {DA58A461-5C93-47CE-90F3-8782F573B9C1}
		{FCD3AC7F-9DFD-46C8-AB1E-09F0B0F16DC5} = {DA58A461-5C93-47CE-90F3-8782F573B9C1}
		{9B163AA3-36BC-4AFB-88AB-79BC9E97E401} = {DA58A461-5C93-47CE-90F3-8782F573B9C1}
		{56FFDBCA-7D14-43B8-A6CA-22A20E417EE1} = {DA58A461-5C93-47CE-90F3-8782F573B9C1}
		{E1F10180-C7B9-4147-B51F-FA1B701966DC} = {DA58A461-5C93-47CE-90F3-8782F573B9C1}
		{ACEF88D5-DADD-46DA-BAE1-2144D63F4C83} = {DA58A461-5C93-47CE-90F3-8782F573B9C1}
	EndGlobalSection
	GlobalSection(MonoDevelopProperties) = preSolution
		StartupItem = symbooglix\symbooglix.csproj
		Policies = $0
		$0.TextStylePolicy = $1
		$1.FileWidth = 120
		$1.NoTabsAfterNonTabs = True
		$1.inheritsSet = VisualStudio
		$1.inheritsScope = text/plain
		$1.scope = text/x-csharp
		$0.CSharpFormattingPolicy = $2
		$2.IndentSwitchBody = True
		$2.AnonymousMethodBraceStyle = NextLine
		$2.PropertyBraceStyle = NextLine
		$2.PropertyGetBraceStyle = NextLine
		$2.PropertySetBraceStyle = NextLine
		$2.StatementBraceStyle = NextLine
		$2.ElseNewLinePlacement = NewLine
		$2.CatchNewLinePlacement = NewLine
		$2.FinallyNewLinePlacement = NewLine
		$2.BeforeMethodDeclarationParentheses = False
		$2.BeforeMethodCallParentheses = False
		$2.BeforeConstructorDeclarationParentheses = False
		$2.BeforeDelegateDeclarationParentheses = False
		$2.AfterDelegateDeclarationParameterComma = True
		$2.NewParentheses = False
		$2.WithinParentheses = True
		$2.SpacesBeforeBrackets = False
		$2.SpacesAfterTypecast = True
		$2.AlignToFirstMethodCallArgument = True
		$2.inheritsSet = Mono
		$2.inheritsScope = text/x-csharp
		$2.scope = text/x-csharp
		$0.TextStylePolicy = $3
		$3.FileWidth = 120
		$3.inheritsSet = VisualStudio
		$3.inheritsScope = text/plain
		$3.scope = text/plain
		$0.StandardHeader = $4
		$4.Text = 
		$4.IncludeInNewFiles = True
		$0.NameConventionPolicy = $5
		$5.Rules = $6
		$6.NamingRule = $7
		$7.Name = Namespaces
		$7.AffectedEntity = Namespace
		$7.VisibilityMask = VisibilityMask
		$7.NamingStyle = PascalCase
		$7.IncludeInstanceMembers = True
		$7.IncludeStaticEntities = True
		$6.NamingRule = $8
		$8.Name = Types
		$8.AffectedEntity = Class, Struct, Enum, Delegate
		$8.VisibilityMask = Public
		$8.NamingStyle = PascalCase
		$8.IncludeInstanceMembers = True
		$8.IncludeStaticEntities = True
		$6.NamingRule = $9
		$9.Name = Interfaces
		$9.RequiredPrefixes = $10
		$10.String = I
		$9.AffectedEntity = Interface
		$9.VisibilityMask = Public
		$9.NamingStyle = PascalCase
		$9.IncludeInstanceMembers = True
		$9.IncludeStaticEntities = True
		$6.NamingRule = $11
		$11.Name = Attributes
		$11.RequiredSuffixes = $12
		$12.String = Attribute
		$11.AffectedEntity = CustomAttributes
		$11.VisibilityMask = Public
		$11.NamingStyle = PascalCase
		$11.IncludeInstanceMembers = True
		$11.IncludeStaticEntities = True
		$6.NamingRule = $13
		$13.Name = Event Arguments
		$13.RequiredSuffixes = $14
		$14.String = EventArgs
		$13.AffectedEntity = CustomEventArgs
		$13.VisibilityMask = Public
		$13.NamingStyle = PascalCase
		$13.IncludeInstanceMembers = True
		$13.IncludeStaticEntities = True
		$6.NamingRule = $15
		$15.Name = Exceptions
		$15.RequiredSuffixes = $16
		$16.String = Exception
		$15.AffectedEntity = CustomExceptions
		$15.VisibilityMask = VisibilityMask
		$15.NamingStyle = PascalCase
		$15.IncludeInstanceMembers = True
		$15.IncludeStaticEntities = True
		$6.NamingRule = $17
		$17.Name = Methods
		$17.AffectedEntity = Methods
		$17.VisibilityMask = Protected, Public
		$17.NamingStyle = PascalCase
		$17.IncludeInstanceMembers = True
		$17.IncludeStaticEntities = True
		$6.NamingRule = $18
		$18.Name = Static Readonly Fields
		$18.AffectedEntity = ReadonlyField
		$18.VisibilityMask = Protected, Public
		$18.NamingStyle = PascalCase
		$18.IncludeInstanceMembers = False
		$18.IncludeStaticEntities = True
		$6.NamingRule = $19
		$19.Name = Fields
		$19.AffectedEntity = Field
		$19.VisibilityMask = Protected, Public
		$19.NamingStyle = PascalCase
		$19.IncludeInstanceMembers = True
		$19.IncludeStaticEntities = True
		$6.NamingRule = $20
		$20.Name = ReadOnly Fields
		$20.AffectedEntity = ReadonlyField
		$20.VisibilityMask = Protected, Public
		$20.NamingStyle = PascalCase
		$20.IncludeInstanceMembers = True
		$20.IncludeStaticEntities = False
		$6.NamingRule = $21
		$21.Name = Constant Fields
		$21.AffectedEntity = ConstantField
		$21.VisibilityMask = Protected, Public
		$21.NamingStyle = PascalCase
		$21.IncludeInstanceMembers = True
		$21.IncludeStaticEntities = True
		$6.NamingRule = $22
		$22.Name = Properties
		$22.AffectedEntity = Property
		$22.VisibilityMask = Protected, Public
		$22.NamingStyle = PascalCase
		$22.IncludeInstanceMembers = True
		$22.IncludeStaticEntities = True
		$6.NamingRule = $23
		$23.Name = Events
		$23.AffectedEntity = Event
		$23.VisibilityMask = Protected, Public
		$23.NamingStyle = PascalCase
		$23.IncludeInstanceMembers = True
		$23.IncludeStaticEntities = True
		$6.NamingRule = $24
		$24.Name = Enum Members
		$24.AffectedEntity = EnumMember
		$24.VisibilityMask = VisibilityMask
		$24.NamingStyle = PascalCase
		$24.IncludeInstanceMembers = True
		$24.IncludeStaticEntities = True
		$6.NamingRule = $25
		$25.Name = Parameters
		$25.AffectedEntity = Parameter
		$25.VisibilityMask = VisibilityMask
		$25.NamingStyle = CamelCase
		$25.IncludeInstanceMembers = True
		$25.IncludeStaticEntities = True
		$6.NamingRule = $26
		$26.Name = Type Parameters
		$26.RequiredPrefixes = $27
		$27.String = T
		$26.AffectedEntity = TypeParameter
		$26.VisibilityMask = VisibilityMask
		$26.NamingStyle = PascalCase
		$26.IncludeInstanceMembers = True
		$26.IncludeStaticEntities = True
	EndGlobalSection
EndGlobal
