
Microsoft Visual Studio Solution File, Format Version 11.00
# Visual Studio 2010
Project("{FAE04EC0-301F-11D3-BF4B-00C04F79EFBC}") = "symbooglix", "symbooglix\symbooglix.csproj", "{69F04878-1CD0-454C-87A6-6B155D2D4855}"
EndProject
Project("{2150E333-8FDC-42A3-9474-1A3956D46DE8}") = "Boogie", "Boogie", "{DA58A461-5C93-47CE-90F3-8782F573B9C1}"
EndProject
Project("{FAE04EC0-301F-11D3-BF4B-00C04F79EFBC}") = "Core", "..\boogie\Source\Core\Core.csproj", "{B230A69C-C466-4065-B9C1-84D80E76D802}"
EndProject
Project("{FAE04EC0-301F-11D3-BF4B-00C04F79EFBC}") = "Basetypes", "..\boogie\Source\Basetypes\Basetypes.csproj", "{43DFAD18-3E35-4558-9BE2-CAFF6B5BA8A0}"
EndProject
Project("{FAE04EC0-301F-11D3-BF4B-00C04F79EFBC}") = "CodeContractsExtender", "..\boogie\Source\CodeContractsExtender\CodeContractsExtender.csproj", "{ACCC0156-0921-43ED-8F67-AD8BDC8CDE31}"
EndProject
Project("{FAE04EC0-301F-11D3-BF4B-00C04F79EFBC}") = "Graph", "..\boogie\Source\Graph\Graph.csproj", "{69A2B0B8-BCAC-4101-AE7A-556FCC58C06E}"
EndProject
Project("{FAE04EC0-301F-11D3-BF4B-00C04F79EFBC}") = "ParserHelper", "..\boogie\Source\ParserHelper\ParserHelper.csproj", "{FCD3AC7F-9DFD-46C8-AB1E-09F0B0F16DC5}"
EndProject
Project("{FAE04EC0-301F-11D3-BF4B-00C04F79EFBC}") = "SMTLib", "..\boogie\Source\Provers\SMTLib\SMTLib.csproj", "{9B163AA3-36BC-4AFB-88AB-79BC9E97E401}"
EndProject
Project("{FAE04EC0-301F-11D3-BF4B-00C04F79EFBC}") = "VCExpr", "..\boogie\Source\VCExpr\VCExpr.csproj", "{56FFDBCA-7D14-43B8-A6CA-22A20E417EE1}"
EndProject
Project("{FAE04EC0-301F-11D3-BF4B-00C04F79EFBC}") = "VCGeneration", "..\boogie\Source\VCGeneration\VCGeneration.csproj", "{E1F10180-C7B9-4147-B51F-FA1B701966DC}"
EndProject
Project("{FAE04EC0-301F-11D3-BF4B-00C04F79EFBC}") = "Model", "..\boogie\Source\Model\Model.csproj", "{ACEF88D5-DADD-46DA-BAE1-2144D63F4C83}"
EndProject
Global
	GlobalSection(SolutionConfigurationPlatforms) = preSolution
		Debug|x86 = Debug|x86
		Release|x86 = Release|x86
		z3apidebug|Any CPU = z3apidebug|Any CPU
		Checked|Any CPU = Checked|Any CPU
		QED|Any CPU = QED|Any CPU
	EndGlobalSection
	GlobalSection(ProjectConfigurationPlatforms) = postSolution
		{43DFAD18-3E35-4558-9BE2-CAFF6B5BA8A0}.Checked|Any CPU.ActiveCfg = Checked|Any CPU
		{43DFAD18-3E35-4558-9BE2-CAFF6B5BA8A0}.Checked|Any CPU.Build.0 = Checked|Any CPU
		{43DFAD18-3E35-4558-9BE2-CAFF6B5BA8A0}.Debug|x86.ActiveCfg = Debug|Any CPU
		{43DFAD18-3E35-4558-9BE2-CAFF6B5BA8A0}.Debug|x86.Build.0 = Debug|Any CPU
		{43DFAD18-3E35-4558-9BE2-CAFF6B5BA8A0}.QED|Any CPU.ActiveCfg = QED|Any CPU
		{43DFAD18-3E35-4558-9BE2-CAFF6B5BA8A0}.QED|Any CPU.Build.0 = QED|Any CPU
		{43DFAD18-3E35-4558-9BE2-CAFF6B5BA8A0}.Release|x86.ActiveCfg = Release|Any CPU
		{43DFAD18-3E35-4558-9BE2-CAFF6B5BA8A0}.Release|x86.Build.0 = Release|Any CPU
		{43DFAD18-3E35-4558-9BE2-CAFF6B5BA8A0}.z3apidebug|Any CPU.ActiveCfg = z3apidebug|Any CPU
		{43DFAD18-3E35-4558-9BE2-CAFF6B5BA8A0}.z3apidebug|Any CPU.Build.0 = z3apidebug|Any CPU
		{56FFDBCA-7D14-43B8-A6CA-22A20E417EE1}.Checked|Any CPU.ActiveCfg = Checked|Any CPU
		{56FFDBCA-7D14-43B8-A6CA-22A20E417EE1}.Checked|Any CPU.Build.0 = Checked|Any CPU
		{56FFDBCA-7D14-43B8-A6CA-22A20E417EE1}.Debug|x86.ActiveCfg = Debug|Any CPU
		{56FFDBCA-7D14-43B8-A6CA-22A20E417EE1}.Debug|x86.Build.0 = Debug|Any CPU
		{56FFDBCA-7D14-43B8-A6CA-22A20E417EE1}.QED|Any CPU.ActiveCfg = QED|Any CPU
		{56FFDBCA-7D14-43B8-A6CA-22A20E417EE1}.QED|Any CPU.Build.0 = QED|Any CPU
		{56FFDBCA-7D14-43B8-A6CA-22A20E417EE1}.Release|x86.ActiveCfg = Release|Any CPU
		{56FFDBCA-7D14-43B8-A6CA-22A20E417EE1}.Release|x86.Build.0 = Release|Any CPU
		{56FFDBCA-7D14-43B8-A6CA-22A20E417EE1}.z3apidebug|Any CPU.ActiveCfg = z3apidebug|Any CPU
		{56FFDBCA-7D14-43B8-A6CA-22A20E417EE1}.z3apidebug|Any CPU.Build.0 = z3apidebug|Any CPU
		{69A2B0B8-BCAC-4101-AE7A-556FCC58C06E}.Checked|Any CPU.ActiveCfg = Checked|Any CPU
		{69A2B0B8-BCAC-4101-AE7A-556FCC58C06E}.Checked|Any CPU.Build.0 = Checked|Any CPU
		{69A2B0B8-BCAC-4101-AE7A-556FCC58C06E}.Debug|x86.ActiveCfg = Debug|Any CPU
		{69A2B0B8-BCAC-4101-AE7A-556FCC58C06E}.Debug|x86.Build.0 = Debug|Any CPU
		{69A2B0B8-BCAC-4101-AE7A-556FCC58C06E}.QED|Any CPU.ActiveCfg = QED|Any CPU
		{69A2B0B8-BCAC-4101-AE7A-556FCC58C06E}.QED|Any CPU.Build.0 = QED|Any CPU
		{69A2B0B8-BCAC-4101-AE7A-556FCC58C06E}.Release|x86.ActiveCfg = Release|Any CPU
		{69A2B0B8-BCAC-4101-AE7A-556FCC58C06E}.Release|x86.Build.0 = Release|Any CPU
		{69A2B0B8-BCAC-4101-AE7A-556FCC58C06E}.z3apidebug|Any CPU.ActiveCfg = z3apidebug|Any CPU
		{69A2B0B8-BCAC-4101-AE7A-556FCC58C06E}.z3apidebug|Any CPU.Build.0 = z3apidebug|Any CPU
		{69F04878-1CD0-454C-87A6-6B155D2D4855}.Checked|Any CPU.ActiveCfg = Debug|x86
		{69F04878-1CD0-454C-87A6-6B155D2D4855}.Checked|Any CPU.Build.0 = Debug|x86
		{69F04878-1CD0-454C-87A6-6B155D2D4855}.Debug|x86.ActiveCfg = Debug|x86
		{69F04878-1CD0-454C-87A6-6B155D2D4855}.Debug|x86.Build.0 = Debug|x86
		{69F04878-1CD0-454C-87A6-6B155D2D4855}.QED|Any CPU.ActiveCfg = Debug|x86
		{69F04878-1CD0-454C-87A6-6B155D2D4855}.QED|Any CPU.Build.0 = Debug|x86
		{69F04878-1CD0-454C-87A6-6B155D2D4855}.Release|x86.ActiveCfg = Release|x86
		{69F04878-1CD0-454C-87A6-6B155D2D4855}.Release|x86.Build.0 = Release|x86
		{69F04878-1CD0-454C-87A6-6B155D2D4855}.z3apidebug|Any CPU.ActiveCfg = Debug|x86
		{69F04878-1CD0-454C-87A6-6B155D2D4855}.z3apidebug|Any CPU.Build.0 = Debug|x86
		{9B163AA3-36BC-4AFB-88AB-79BC9E97E401}.Checked|Any CPU.ActiveCfg = Checked|Any CPU
		{9B163AA3-36BC-4AFB-88AB-79BC9E97E401}.Checked|Any CPU.Build.0 = Checked|Any CPU
		{9B163AA3-36BC-4AFB-88AB-79BC9E97E401}.Debug|x86.ActiveCfg = Debug|Any CPU
		{9B163AA3-36BC-4AFB-88AB-79BC9E97E401}.Debug|x86.Build.0 = Debug|Any CPU
		{9B163AA3-36BC-4AFB-88AB-79BC9E97E401}.QED|Any CPU.ActiveCfg = QED|Any CPU
		{9B163AA3-36BC-4AFB-88AB-79BC9E97E401}.QED|Any CPU.Build.0 = QED|Any CPU
		{9B163AA3-36BC-4AFB-88AB-79BC9E97E401}.Release|x86.ActiveCfg = Release|Any CPU
		{9B163AA3-36BC-4AFB-88AB-79BC9E97E401}.Release|x86.Build.0 = Release|Any CPU
		{9B163AA3-36BC-4AFB-88AB-79BC9E97E401}.z3apidebug|Any CPU.ActiveCfg = z3apidebug|Any CPU
		{9B163AA3-36BC-4AFB-88AB-79BC9E97E401}.z3apidebug|Any CPU.Build.0 = z3apidebug|Any CPU
		{ACCC0156-0921-43ED-8F67-AD8BDC8CDE31}.Checked|Any CPU.ActiveCfg = Checked|Any CPU
		{ACCC0156-0921-43ED-8F67-AD8BDC8CDE31}.Checked|Any CPU.Build.0 = Checked|Any CPU
		{ACCC0156-0921-43ED-8F67-AD8BDC8CDE31}.Debug|x86.ActiveCfg = Debug|Any CPU
		{ACCC0156-0921-43ED-8F67-AD8BDC8CDE31}.Debug|x86.Build.0 = Debug|Any CPU
		{ACCC0156-0921-43ED-8F67-AD8BDC8CDE31}.QED|Any CPU.ActiveCfg = QED|Any CPU
		{ACCC0156-0921-43ED-8F67-AD8BDC8CDE31}.QED|Any CPU.Build.0 = QED|Any CPU
		{ACCC0156-0921-43ED-8F67-AD8BDC8CDE31}.Release|x86.ActiveCfg = Release|Any CPU
		{ACCC0156-0921-43ED-8F67-AD8BDC8CDE31}.Release|x86.Build.0 = Release|Any CPU
		{ACCC0156-0921-43ED-8F67-AD8BDC8CDE31}.z3apidebug|Any CPU.ActiveCfg = z3apidebug|Any CPU
		{ACCC0156-0921-43ED-8F67-AD8BDC8CDE31}.z3apidebug|Any CPU.Build.0 = z3apidebug|Any CPU
		{ACEF88D5-DADD-46DA-BAE1-2144D63F4C83}.Checked|Any CPU.ActiveCfg = Checked|Any CPU
		{ACEF88D5-DADD-46DA-BAE1-2144D63F4C83}.Checked|Any CPU.Build.0 = Checked|Any CPU
		{ACEF88D5-DADD-46DA-BAE1-2144D63F4C83}.Debug|x86.ActiveCfg = Debug|Any CPU
		{ACEF88D5-DADD-46DA-BAE1-2144D63F4C83}.Debug|x86.Build.0 = Debug|Any CPU
		{ACEF88D5-DADD-46DA-BAE1-2144D63F4C83}.QED|Any CPU.ActiveCfg = QED|Any CPU
		{ACEF88D5-DADD-46DA-BAE1-2144D63F4C83}.QED|Any CPU.Build.0 = QED|Any CPU
		{ACEF88D5-DADD-46DA-BAE1-2144D63F4C83}.Release|x86.ActiveCfg = Release|Any CPU
		{ACEF88D5-DADD-46DA-BAE1-2144D63F4C83}.Release|x86.Build.0 = Release|Any CPU
		{ACEF88D5-DADD-46DA-BAE1-2144D63F4C83}.z3apidebug|Any CPU.ActiveCfg = Debug|Any CPU
		{ACEF88D5-DADD-46DA-BAE1-2144D63F4C83}.z3apidebug|Any CPU.Build.0 = Debug|Any CPU
		{B230A69C-C466-4065-B9C1-84D80E76D802}.Checked|Any CPU.ActiveCfg = Checked|Any CPU
		{B230A69C-C466-4065-B9C1-84D80E76D802}.Checked|Any CPU.Build.0 = Checked|Any CPU
		{B230A69C-C466-4065-B9C1-84D80E76D802}.Debug|x86.ActiveCfg = Debug|Any CPU
		{B230A69C-C466-4065-B9C1-84D80E76D802}.Debug|x86.Build.0 = Debug|Any CPU
		{B230A69C-C466-4065-B9C1-84D80E76D802}.QED|Any CPU.ActiveCfg = QED|Any CPU
		{B230A69C-C466-4065-B9C1-84D80E76D802}.QED|Any CPU.Build.0 = QED|Any CPU
		{B230A69C-C466-4065-B9C1-84D80E76D802}.Release|x86.ActiveCfg = Release|Any CPU
		{B230A69C-C466-4065-B9C1-84D80E76D802}.Release|x86.Build.0 = Release|Any CPU
		{B230A69C-C466-4065-B9C1-84D80E76D802}.z3apidebug|Any CPU.ActiveCfg = z3apidebug|Any CPU
		{B230A69C-C466-4065-B9C1-84D80E76D802}.z3apidebug|Any CPU.Build.0 = z3apidebug|Any CPU
		{E1F10180-C7B9-4147-B51F-FA1B701966DC}.Checked|Any CPU.ActiveCfg = Checked|Any CPU
		{E1F10180-C7B9-4147-B51F-FA1B701966DC}.Checked|Any CPU.Build.0 = Checked|Any CPU
		{E1F10180-C7B9-4147-B51F-FA1B701966DC}.Debug|x86.ActiveCfg = Debug|Any CPU
		{E1F10180-C7B9-4147-B51F-FA1B701966DC}.Debug|x86.Build.0 = Debug|Any CPU
		{E1F10180-C7B9-4147-B51F-FA1B701966DC}.QED|Any CPU.ActiveCfg = QED|Any CPU
		{E1F10180-C7B9-4147-B51F-FA1B701966DC}.QED|Any CPU.Build.0 = QED|Any CPU
		{E1F10180-C7B9-4147-B51F-FA1B701966DC}.Release|x86.ActiveCfg = Release|Any CPU
		{E1F10180-C7B9-4147-B51F-FA1B701966DC}.Release|x86.Build.0 = Release|Any CPU
		{E1F10180-C7B9-4147-B51F-FA1B701966DC}.z3apidebug|Any CPU.ActiveCfg = z3apidebug|Any CPU
		{E1F10180-C7B9-4147-B51F-FA1B701966DC}.z3apidebug|Any CPU.Build.0 = z3apidebug|Any CPU
		{FCD3AC7F-9DFD-46C8-AB1E-09F0B0F16DC5}.Checked|Any CPU.ActiveCfg = Checked|Any CPU
		{FCD3AC7F-9DFD-46C8-AB1E-09F0B0F16DC5}.Checked|Any CPU.Build.0 = Checked|Any CPU
		{FCD3AC7F-9DFD-46C8-AB1E-09F0B0F16DC5}.Debug|x86.ActiveCfg = Debug|Any CPU
		{FCD3AC7F-9DFD-46C8-AB1E-09F0B0F16DC5}.Debug|x86.Build.0 = Debug|Any CPU
		{FCD3AC7F-9DFD-46C8-AB1E-09F0B0F16DC5}.QED|Any CPU.ActiveCfg = QED|Any CPU
		{FCD3AC7F-9DFD-46C8-AB1E-09F0B0F16DC5}.QED|Any CPU.Build.0 = QED|Any CPU
		{FCD3AC7F-9DFD-46C8-AB1E-09F0B0F16DC5}.Release|x86.ActiveCfg = Release|Any CPU
		{FCD3AC7F-9DFD-46C8-AB1E-09F0B0F16DC5}.Release|x86.Build.0 = Release|Any CPU
		{FCD3AC7F-9DFD-46C8-AB1E-09F0B0F16DC5}.z3apidebug|Any CPU.ActiveCfg = Debug|Any CPU
		{FCD3AC7F-9DFD-46C8-AB1E-09F0B0F16DC5}.z3apidebug|Any CPU.Build.0 = Debug|Any CPU
	EndGlobalSection
	GlobalSection(NestedProjects) = preSolution
		{B230A69C-C466-4065-B9C1-84D80E76D802} = {DA58A461-5C93-47CE-90F3-8782F573B9C1}
		{43DFAD18-3E35-4558-9BE2-CAFF6B5BA8A0} = {DA58A461-5C93-47CE-90F3-8782F573B9C1}
		{ACCC0156-0921-43ED-8F67-AD8BDC8CDE31} = {DA58A461-5C93-47CE-90F3-8782F573B9C1}
		{69A2B0B8-BCAC-4101-AE7A-556FCC58C06E} = {DA58A461-5C93-47CE-90F3-8782F573B9C1}
		{FCD3AC7F-9DFD-46C8-AB1E-09F0B0F16DC5} = {DA58A461-5C93-47CE-90F3-8782F573B9C1}
		{9B163AA3-36BC-4AFB-88AB-79BC9E97E401} = {DA58A461-5C93-47CE-90F3-8782F573B9C1}
		{56FFDBCA-7D14-43B8-A6CA-22A20E417EE1} = {DA58A461-5C93-47CE-90F3-8782F573B9C1}
		{E1F10180-C7B9-4147-B51F-FA1B701966DC} = {DA58A461-5C93-47CE-90F3-8782F573B9C1}
		{ACEF88D5-DADD-46DA-BAE1-2144D63F4C83} = {DA58A461-5C93-47CE-90F3-8782F573B9C1}
	EndGlobalSection
	GlobalSection(MonoDevelopProperties) = preSolution
		StartupItem = symbooglix\symbooglix.csproj
	EndGlobalSection
EndGlobal
